
Microsoft Visual Studio Solution File, Format Version 12.00
# Visual Studio Version 17
VisualStudioVersion = 17.5.33530.505
MinimumVisualStudioVersion = 10.0.40219.1
Project("{FAE04EC0-301F-11D3-BF4B-00C04F79EFBC}") = "PCSHOP", "PCSHOP.csproj", "{BC712C56-F6B7-4F39-8DF8-05B562548864}"
EndProject
Global
	GlobalSection(SolutionConfigurationPlatforms) = preSolution
		Debug|Any CPU = Debug|Any CPU
		Release|Any CPU = Release|Any CPU
	EndGlobalSection
	GlobalSection(ProjectConfigurationPlatforms) = postSolution
		{BC712C56-F6B7-4F39-8DF8-05B562548864}.Debug|Any CPU.ActiveCfg = Debug|Any CPU
		{BC712C56-F6B7-4F39-8DF8-05B562548864}.Debug|Any CPU.Build.0 = Debug|Any CPU
		{BC712C56-F6B7-4F39-8DF8-05B562548864}.Release|Any CPU.ActiveCfg = Release|Any CPU
		{BC712C56-F6B7-4F39-8DF8-05B562548864}.Release|Any CPU.Build.0 = Release|Any CPU
	EndGlobalSection
	GlobalSection(SolutionProperties) = preSolution
		HideSolutionNode = FALSE
	EndGlobalSection
	GlobalSection(ExtensibilityGlobals) = postSolution
		SolutionGuid = {22CCF32B-7313-401F-8632-33CEC6190DC9}
	EndGlobalSection
EndGlobal
